
Microsoft Visual Studio Solution File, Format Version 12.00
# Visual Studio Version 17
VisualStudioVersion = 17.11.35431.28
MinimumVisualStudioVersion = 10.0.40219.1
Project("{FAE04EC0-301F-11D3-BF4B-00C04F79EFBC}") = "YtMovieApis", "YtMovieApis\YtMovieApis.csproj", "{F73AB0BC-5862-4CC9-8F7E-091691514BF0}"
EndProject
Global
	GlobalSection(SolutionConfigurationPlatforms) = preSolution
		Debug|Any CPU = Debug|Any CPU
		Release|Any CPU = Release|Any CPU
	EndGlobalSection
	GlobalSection(ProjectConfigurationPlatforms) = postSolution
		{F73AB0BC-5862-4CC9-8F7E-091691514BF0}.Debug|Any CPU.ActiveCfg = Debug|Any CPU
		{F73AB0BC-5862-4CC9-8F7E-091691514BF0}.Debug|Any CPU.Build.0 = Debug|Any CPU
		{F73AB0BC-5862-4CC9-8F7E-091691514BF0}.Release|Any CPU.ActiveCfg = Release|Any CPU
		{F73AB0BC-5862-4CC9-8F7E-091691514BF0}.Release|Any CPU.Build.0 = Release|Any CPU
	EndGlobalSection
	GlobalSection(SolutionProperties) = preSolution
		HideSolutionNode = FALSE
	EndGlobalSection
	GlobalSection(ExtensibilityGlobals) = postSolution
		SolutionGuid = {650B9D12-169E-4882-BBD4-50CAF416F889}
	EndGlobalSection
EndGlobal
